
Microsoft Visual Studio Solution File, Format Version 12.00
# Visual Studio Version 17
VisualStudioVersion = 17.4.33110.190
MinimumVisualStudioVersion = 10.0.40219.1
Project("{FAE04EC0-301F-11D3-BF4B-00C04F79EFBC}") = "WebServerAPI", "WebServerAPI\WebServerAPI.csproj", "{AE30CFE2-9964-4D1B-AB1B-295C144A913F}"
EndProject
Global
	GlobalSection(SolutionConfigurationPlatforms) = preSolution
		Debug|Any CPU = Debug|Any CPU
		Release|Any CPU = Release|Any CPU
	EndGlobalSection
	GlobalSection(ProjectConfigurationPlatforms) = postSolution
		{AE30CFE2-9964-4D1B-AB1B-295C144A913F}.Debug|Any CPU.ActiveCfg = Debug|Any CPU
		{AE30CFE2-9964-4D1B-AB1B-295C144A913F}.Debug|Any CPU.Build.0 = Debug|Any CPU
		{AE30CFE2-9964-4D1B-AB1B-295C144A913F}.Release|Any CPU.ActiveCfg = Release|Any CPU
		{AE30CFE2-9964-4D1B-AB1B-295C144A913F}.Release|Any CPU.Build.0 = Release|Any CPU
	EndGlobalSection
	GlobalSection(SolutionProperties) = preSolution
		HideSolutionNode = FALSE
	EndGlobalSection
	GlobalSection(ExtensibilityGlobals) = postSolution
		SolutionGuid = {0F9A515D-909B-47E6-A334-578CBCFB67C8}
	EndGlobalSection
EndGlobal
